
Microsoft Visual Studio Solution File, Format Version 12.00
# Visual Studio Version 17
VisualStudioVersion = 17.2.32616.157
MinimumVisualStudioVersion = 10.0.40219.1
Project("{FAE04EC0-301F-11D3-BF4B-00C04F79EFBC}") = "Generics", "Generics.csproj", "{44BEDF89-EB0B-40E6-9700-B63FB743149D}"
EndProject
Global
	GlobalSection(SolutionConfigurationPlatforms) = preSolution
		Debug|Any CPU = Debug|Any CPU
		Release|Any CPU = Release|Any CPU
	EndGlobalSection
	GlobalSection(ProjectConfigurationPlatforms) = postSolution
		{44BEDF89-EB0B-40E6-9700-B63FB743149D}.Debug|Any CPU.ActiveCfg = Debug|Any CPU
		{44BEDF89-EB0B-40E6-9700-B63FB743149D}.Debug|Any CPU.Build.0 = Debug|Any CPU
		{44BEDF89-EB0B-40E6-9700-B63FB743149D}.Release|Any CPU.ActiveCfg = Release|Any CPU
		{44BEDF89-EB0B-40E6-9700-B63FB743149D}.Release|Any CPU.Build.0 = Release|Any CPU
	EndGlobalSection
	GlobalSection(SolutionProperties) = preSolution
		HideSolutionNode = FALSE
	EndGlobalSection
	GlobalSection(ExtensibilityGlobals) = postSolution
		SolutionGuid = {73A3D43D-842B-4954-8183-6A3E649ACA4C}
	EndGlobalSection
EndGlobal
